
Microsoft Visual Studio Solution File, Format Version 12.00
# Visual Studio Version 17
VisualStudioVersion = 17.11.35312.102
MinimumVisualStudioVersion = 10.0.40219.1
Project("{FAE04EC0-301F-11D3-BF4B-00C04F79EFBC}") = "BasicThreading", "BasicThreading\BasicThreading.csproj", "{5A44E0B9-5452-445D-A155-BC087AEB5340}"
EndProject
Global
	GlobalSection(SolutionConfigurationPlatforms) = preSolution
		Debug|Any CPU = Debug|Any CPU
		Release|Any CPU = Release|Any CPU
	EndGlobalSection
	GlobalSection(ProjectConfigurationPlatforms) = postSolution
		{5A44E0B9-5452-445D-A155-BC087AEB5340}.Debug|Any CPU.ActiveCfg = Debug|Any CPU
		{5A44E0B9-5452-445D-A155-BC087AEB5340}.Debug|Any CPU.Build.0 = Debug|Any CPU
		{5A44E0B9-5452-445D-A155-BC087AEB5340}.Release|Any CPU.ActiveCfg = Release|Any CPU
		{5A44E0B9-5452-445D-A155-BC087AEB5340}.Release|Any CPU.Build.0 = Release|Any CPU
	EndGlobalSection
	GlobalSection(SolutionProperties) = preSolution
		HideSolutionNode = FALSE
	EndGlobalSection
	GlobalSection(ExtensibilityGlobals) = postSolution
		SolutionGuid = {011E4BB2-963D-4A2D-AEA2-8D9FE9CCBCC2}
	EndGlobalSection
EndGlobal
