
Microsoft Visual Studio Solution File, Format Version 12.00
# Visual Studio Version 17
VisualStudioVersion = 17.9.34622.214
MinimumVisualStudioVersion = 10.0.40219.1
Project("{FAE04EC0-301F-11D3-BF4B-00C04F79EFBC}") = "ComputeAverageApp", "ComputeAverageApp\ComputeAverageApp.csproj", "{2DF6E1E1-6950-4C54-84C3-C856032D6D1A}"
EndProject
Global
	GlobalSection(SolutionConfigurationPlatforms) = preSolution
		Debug|Any CPU = Debug|Any CPU
		Release|Any CPU = Release|Any CPU
	EndGlobalSection
	GlobalSection(ProjectConfigurationPlatforms) = postSolution
		{2DF6E1E1-6950-4C54-84C3-C856032D6D1A}.Debug|Any CPU.ActiveCfg = Debug|Any CPU
		{2DF6E1E1-6950-4C54-84C3-C856032D6D1A}.Debug|Any CPU.Build.0 = Debug|Any CPU
		{2DF6E1E1-6950-4C54-84C3-C856032D6D1A}.Release|Any CPU.ActiveCfg = Release|Any CPU
		{2DF6E1E1-6950-4C54-84C3-C856032D6D1A}.Release|Any CPU.Build.0 = Release|Any CPU
	EndGlobalSection
	GlobalSection(SolutionProperties) = preSolution
		HideSolutionNode = FALSE
	EndGlobalSection
	GlobalSection(ExtensibilityGlobals) = postSolution
		SolutionGuid = {6C064925-C40E-41A2-B099-8C103767CD53}
	EndGlobalSection
EndGlobal
