
Microsoft Visual Studio Solution File, Format Version 12.00
# Visual Studio Version 17
VisualStudioVersion = 17.9.34622.214
MinimumVisualStudioVersion = 10.0.40219.1
Project("{FAE04EC0-301F-11D3-BF4B-00C04F79EFBC}") = "MathApp", "MathApp\MathApp.csproj", "{0056ED04-7EBF-44B0-9D19-9480CF3AA36D}"
EndProject
Global
	GlobalSection(SolutionConfigurationPlatforms) = preSolution
		Debug|Any CPU = Debug|Any CPU
		Release|Any CPU = Release|Any CPU
	EndGlobalSection
	GlobalSection(ProjectConfigurationPlatforms) = postSolution
		{0056ED04-7EBF-44B0-9D19-9480CF3AA36D}.Debug|Any CPU.ActiveCfg = Debug|Any CPU
		{0056ED04-7EBF-44B0-9D19-9480CF3AA36D}.Debug|Any CPU.Build.0 = Debug|Any CPU
		{0056ED04-7EBF-44B0-9D19-9480CF3AA36D}.Release|Any CPU.ActiveCfg = Release|Any CPU
		{0056ED04-7EBF-44B0-9D19-9480CF3AA36D}.Release|Any CPU.Build.0 = Release|Any CPU
	EndGlobalSection
	GlobalSection(SolutionProperties) = preSolution
		HideSolutionNode = FALSE
	EndGlobalSection
	GlobalSection(ExtensibilityGlobals) = postSolution
		SolutionGuid = {C120B16D-4CBB-4BDC-91C4-89B610660F76}
	EndGlobalSection
EndGlobal
