
Microsoft Visual Studio Solution File, Format Version 12.00
# Visual Studio Version 17
VisualStudioVersion = 17.9.34622.214
MinimumVisualStudioVersion = 10.0.40219.1
Project("{9A19103F-16F7-4668-BE54-9A1E7A4F7556}") = "New_StudentRegistrationForm", "New_StudentRegistrationForm\New_StudentRegistrationForm.csproj", "{DCA43D5B-EB0B-4AC8-82E5-21215E744046}"
EndProject
Global
	GlobalSection(SolutionConfigurationPlatforms) = preSolution
		Debug|Any CPU = Debug|Any CPU
		Release|Any CPU = Release|Any CPU
	EndGlobalSection
	GlobalSection(ProjectConfigurationPlatforms) = postSolution
		{DCA43D5B-EB0B-4AC8-82E5-21215E744046}.Debug|Any CPU.ActiveCfg = Debug|Any CPU
		{DCA43D5B-EB0B-4AC8-82E5-21215E744046}.Debug|Any CPU.Build.0 = Debug|Any CPU
		{DCA43D5B-EB0B-4AC8-82E5-21215E744046}.Release|Any CPU.ActiveCfg = Release|Any CPU
		{DCA43D5B-EB0B-4AC8-82E5-21215E744046}.Release|Any CPU.Build.0 = Release|Any CPU
	EndGlobalSection
	GlobalSection(SolutionProperties) = preSolution
		HideSolutionNode = FALSE
	EndGlobalSection
	GlobalSection(ExtensibilityGlobals) = postSolution
		SolutionGuid = {F6B73240-52C4-4D26-A1CA-7BE8D56B724B}
	EndGlobalSection
EndGlobal
