
Microsoft Visual Studio Solution File, Format Version 12.00
# Visual Studio Version 17
VisualStudioVersion = 17.9.34622.214
MinimumVisualStudioVersion = 10.0.40219.1
Project("{FAE04EC0-301F-11D3-BF4B-00C04F79EFBC}") = "StudentGradeApplication", "StudentGradeApplication\StudentGradeApplication.csproj", "{F8EED2EC-8299-473A-92FB-1C2E895CC9D7}"
EndProject
Global
	GlobalSection(SolutionConfigurationPlatforms) = preSolution
		Debug|Any CPU = Debug|Any CPU
		Release|Any CPU = Release|Any CPU
	EndGlobalSection
	GlobalSection(ProjectConfigurationPlatforms) = postSolution
		{F8EED2EC-8299-473A-92FB-1C2E895CC9D7}.Debug|Any CPU.ActiveCfg = Debug|Any CPU
		{F8EED2EC-8299-473A-92FB-1C2E895CC9D7}.Debug|Any CPU.Build.0 = Debug|Any CPU
		{F8EED2EC-8299-473A-92FB-1C2E895CC9D7}.Release|Any CPU.ActiveCfg = Release|Any CPU
		{F8EED2EC-8299-473A-92FB-1C2E895CC9D7}.Release|Any CPU.Build.0 = Release|Any CPU
	EndGlobalSection
	GlobalSection(SolutionProperties) = preSolution
		HideSolutionNode = FALSE
	EndGlobalSection
	GlobalSection(ExtensibilityGlobals) = postSolution
		SolutionGuid = {17F9905B-269B-4CB4-B8E3-A42187D50670}
	EndGlobalSection
EndGlobal
