
Microsoft Visual Studio Solution File, Format Version 12.00
# Visual Studio Version 17
VisualStudioVersion = 17.11.35222.181
MinimumVisualStudioVersion = 10.0.40219.1
Project("{FAE04EC0-301F-11D3-BF4B-00C04F79EFBC}") = "AccountRegistration", "AccountRegistration\AccountRegistration.csproj", "{19AC53D9-5DAC-4120-8232-A91AD942A2BE}"
EndProject
Global
	GlobalSection(SolutionConfigurationPlatforms) = preSolution
		Debug|Any CPU = Debug|Any CPU
		Release|Any CPU = Release|Any CPU
	EndGlobalSection
	GlobalSection(ProjectConfigurationPlatforms) = postSolution
		{19AC53D9-5DAC-4120-8232-A91AD942A2BE}.Debug|Any CPU.ActiveCfg = Debug|Any CPU
		{19AC53D9-5DAC-4120-8232-A91AD942A2BE}.Debug|Any CPU.Build.0 = Debug|Any CPU
		{19AC53D9-5DAC-4120-8232-A91AD942A2BE}.Release|Any CPU.ActiveCfg = Release|Any CPU
		{19AC53D9-5DAC-4120-8232-A91AD942A2BE}.Release|Any CPU.Build.0 = Release|Any CPU
	EndGlobalSection
	GlobalSection(SolutionProperties) = preSolution
		HideSolutionNode = FALSE
	EndGlobalSection
	GlobalSection(ExtensibilityGlobals) = postSolution
		SolutionGuid = {5B2A5FF5-CF64-46C5-9A41-F971D346E7D3}
	EndGlobalSection
EndGlobal
